{
  "name": "Klara-stranky",
  "lockfileVersion": 3,
  "requires": true,
  "packages": {
    "": {
      "dependencies": {
        "fullpage.js": "^4.0.40"
      }
    },
    "node_modules/fullpage.js": {
      "version": "4.0.40",
      "resolved": "https://registry.npmjs.org/fullpage.js/-/fullpage.js-4.0.40.tgz",
      "integrity": "sha512-IpA+lLseNjOS/3XUUTPv+yAuWjYFTv/WGgnWh0VGxdRH/KBHdhsemOWwYgdG32VZxS2c9P255zkyo9l6kEtjnw==",
      "funding": [
        {
          "type": "GitHub Sponsors",
          "url": "https://github.com/sponsors/alvarotrigo"
        }
      ],
      "license": "GPL-3.0"
    }
  }
}
